
Microsoft Visual Studio Solution File, Format Version 12.00
# Visual Studio Version 17
VisualStudioVersion = 17.5.33516.290
MinimumVisualStudioVersion = 10.0.40219.1
Project("{FAE04EC0-301F-11D3-BF4B-00C04F79EFBC}") = "WinFormPropertyBindings", "WinFormPropertyBindings\WinFormPropertyBindings.csproj", "{CAF13650-15FD-4682-9DB0-32F3A5CBC36C}"
EndProject
Global
	GlobalSection(SolutionConfigurationPlatforms) = preSolution
		Debug|Any CPU = Debug|Any CPU
		Release|Any CPU = Release|Any CPU
	EndGlobalSection
	GlobalSection(ProjectConfigurationPlatforms) = postSolution
		{CAF13650-15FD-4682-9DB0-32F3A5CBC36C}.Debug|Any CPU.ActiveCfg = Debug|Any CPU
		{CAF13650-15FD-4682-9DB0-32F3A5CBC36C}.Debug|Any CPU.Build.0 = Debug|Any CPU
		{CAF13650-15FD-4682-9DB0-32F3A5CBC36C}.Release|Any CPU.ActiveCfg = Release|Any CPU
		{CAF13650-15FD-4682-9DB0-32F3A5CBC36C}.Release|Any CPU.Build.0 = Release|Any CPU
	EndGlobalSection
	GlobalSection(SolutionProperties) = preSolution
		HideSolutionNode = FALSE
	EndGlobalSection
	GlobalSection(ExtensibilityGlobals) = postSolution
		SolutionGuid = {10911A31-AEE8-476F-B3FF-BDEC9CB70A87}
	EndGlobalSection
EndGlobal
